
Microsoft Visual Studio Solution File, Format Version 12.00
# Visual Studio Version 16
VisualStudioVersion = 16.0.31702.278
MinimumVisualStudioVersion = 10.0.40219.1
Project("{9A19103F-16F7-4668-BE54-9A1E7A4F7556}") = "Lcn.Cli.CoreBase", "src\Lcn.Cli.CoreBase\Lcn.Cli.CoreBase.csproj", "{BAF8C249-DD55-4B54-BC34-CA21AE2406F9}"
EndProject
Project("{9A19103F-16F7-4668-BE54-9A1E7A4F7556}") = "Lcn.Cli", "src\Lcn.Cli\Lcn.Cli.csproj", "{D04F28E0-A88A-484A-9A61-85A7ED9FD627}"
EndProject
Global
	GlobalSection(SolutionConfigurationPlatforms) = preSolution
		Debug|Any CPU = Debug|Any CPU
		Release|Any CPU = Release|Any CPU
	EndGlobalSection
	GlobalSection(ProjectConfigurationPlatforms) = postSolution
		{BAF8C249-DD55-4B54-BC34-CA21AE2406F9}.Debug|Any CPU.ActiveCfg = Debug|Any CPU
		{BAF8C249-DD55-4B54-BC34-CA21AE2406F9}.Debug|Any CPU.Build.0 = Debug|Any CPU
		{BAF8C249-DD55-4B54-BC34-CA21AE2406F9}.Release|Any CPU.ActiveCfg = Release|Any CPU
		{BAF8C249-DD55-4B54-BC34-CA21AE2406F9}.Release|Any CPU.Build.0 = Release|Any CPU
		{D04F28E0-A88A-484A-9A61-85A7ED9FD627}.Debug|Any CPU.ActiveCfg = Debug|Any CPU
		{D04F28E0-A88A-484A-9A61-85A7ED9FD627}.Debug|Any CPU.Build.0 = Debug|Any CPU
		{D04F28E0-A88A-484A-9A61-85A7ED9FD627}.Release|Any CPU.ActiveCfg = Release|Any CPU
		{D04F28E0-A88A-484A-9A61-85A7ED9FD627}.Release|Any CPU.Build.0 = Release|Any CPU
	EndGlobalSection
	GlobalSection(SolutionProperties) = preSolution
		HideSolutionNode = FALSE
	EndGlobalSection
	GlobalSection(ExtensibilityGlobals) = postSolution
		SolutionGuid = {39ABDCBC-523C-4A7E-ADE0-3C6FD6A3FDE2}
	EndGlobalSection
EndGlobal
